
Microsoft Visual Studio Solution File, Format Version 12.00
# Visual Studio Version 16
VisualStudioVersion = 16.0.31702.278
MinimumVisualStudioVersion = 10.0.40219.1
Project("{9A19103F-16F7-4668-BE54-9A1E7A4F7556}") = "Luax.Parser", "Luax.Parser\Luax.Parser.csproj", "{DFE10634-5714-4277-9290-2EF858CDB105}"
EndProject
Project("{2150E333-8FDC-42A3-9474-1A3956D46DE8}") = "Solution Items", "Solution Items", "{5AD74AC6-65F0-4C99-AADB-F25D5D507CAE}"
	ProjectSection(SolutionItems) = preProject
		.editorconfig = .editorconfig
		tbd.md = tbd.md
	EndProjectSection
EndProject
Project("{9A19103F-16F7-4668-BE54-9A1E7A4F7556}") = "Luax.Parser.Test", "Luax.Parser.Test\Luax.Parser.Test.csproj", "{7C266BD7-2099-4DBD-98C4-92F43BDE4812}"
EndProject
Project("{2150E333-8FDC-42A3-9474-1A3956D46DE8}") = "grammar", "grammar", "{17DF906B-A0A0-45F8-969F-602EE28F2CF3}"
	ProjectSection(SolutionItems) = preProject
		grammar\luax.gram = grammar\luax.gram
	EndProjectSection
EndProject
Project("{9A19103F-16F7-4668-BE54-9A1E7A4F7556}") = "Luax.Interpreter", "Luax.Interpreter\Luax.Interpreter.csproj", "{A6EEC650-08BC-4D94-B15E-594AFD3594FA}"
EndProject
Project("{9A19103F-16F7-4668-BE54-9A1E7A4F7556}") = "Luax.Interpreter.Test", "Luax.Interpreter.Test\Luax.Interpreter.Test.csproj", "{DE19BA58-095D-4D53-A988-E4CC33C01F79}"
EndProject
Project("{9A19103F-16F7-4668-BE54-9A1E7A4F7556}") = "LuaX", "LuaX\LuaX.csproj", "{9EF5C6F8-A11B-4F3F-9FA7-D3729BF575F8}"
EndProject
Project("{9A19103F-16F7-4668-BE54-9A1E7A4F7556}") = "LuaX.Doc", "LuaX.Doc\LuaX.Doc.csproj", "{01A3106D-9DC2-4809-A609-C8ABE3CBFDD1}"
EndProject
Project("{9A19103F-16F7-4668-BE54-9A1E7A4F7556}") = "Luax.Apps.Test", "LuaX.Apps.Test\Luax.Apps.Test.csproj", "{F9E09FE6-0D68-49D4-8C66-1FC9B8D981F0}"
EndProject
Global
	GlobalSection(SolutionConfigurationPlatforms) = preSolution
		Debug|Any CPU = Debug|Any CPU
		Release|Any CPU = Release|Any CPU
	EndGlobalSection
	GlobalSection(ProjectConfigurationPlatforms) = postSolution
		{DFE10634-5714-4277-9290-2EF858CDB105}.Debug|Any CPU.ActiveCfg = Debug|Any CPU
		{DFE10634-5714-4277-9290-2EF858CDB105}.Debug|Any CPU.Build.0 = Debug|Any CPU
		{DFE10634-5714-4277-9290-2EF858CDB105}.Release|Any CPU.ActiveCfg = Release|Any CPU
		{DFE10634-5714-4277-9290-2EF858CDB105}.Release|Any CPU.Build.0 = Release|Any CPU
		{7C266BD7-2099-4DBD-98C4-92F43BDE4812}.Debug|Any CPU.ActiveCfg = Debug|Any CPU
		{7C266BD7-2099-4DBD-98C4-92F43BDE4812}.Debug|Any CPU.Build.0 = Debug|Any CPU
		{7C266BD7-2099-4DBD-98C4-92F43BDE4812}.Release|Any CPU.ActiveCfg = Release|Any CPU
		{7C266BD7-2099-4DBD-98C4-92F43BDE4812}.Release|Any CPU.Build.0 = Release|Any CPU
		{A6EEC650-08BC-4D94-B15E-594AFD3594FA}.Debug|Any CPU.ActiveCfg = Debug|Any CPU
		{A6EEC650-08BC-4D94-B15E-594AFD3594FA}.Debug|Any CPU.Build.0 = Debug|Any CPU
		{A6EEC650-08BC-4D94-B15E-594AFD3594FA}.Release|Any CPU.ActiveCfg = Release|Any CPU
		{A6EEC650-08BC-4D94-B15E-594AFD3594FA}.Release|Any CPU.Build.0 = Release|Any CPU
		{DE19BA58-095D-4D53-A988-E4CC33C01F79}.Debug|Any CPU.ActiveCfg = Debug|Any CPU
		{DE19BA58-095D-4D53-A988-E4CC33C01F79}.Debug|Any CPU.Build.0 = Debug|Any CPU
		{DE19BA58-095D-4D53-A988-E4CC33C01F79}.Release|Any CPU.ActiveCfg = Release|Any CPU
		{DE19BA58-095D-4D53-A988-E4CC33C01F79}.Release|Any CPU.Build.0 = Release|Any CPU
		{9EF5C6F8-A11B-4F3F-9FA7-D3729BF575F8}.Debug|Any CPU.ActiveCfg = Debug|Any CPU
		{9EF5C6F8-A11B-4F3F-9FA7-D3729BF575F8}.Debug|Any CPU.Build.0 = Debug|Any CPU
		{9EF5C6F8-A11B-4F3F-9FA7-D3729BF575F8}.Release|Any CPU.ActiveCfg = Release|Any CPU
		{9EF5C6F8-A11B-4F3F-9FA7-D3729BF575F8}.Release|Any CPU.Build.0 = Release|Any CPU
		{01A3106D-9DC2-4809-A609-C8ABE3CBFDD1}.Debug|Any CPU.ActiveCfg = Debug|Any CPU
		{01A3106D-9DC2-4809-A609-C8ABE3CBFDD1}.Debug|Any CPU.Build.0 = Debug|Any CPU
		{01A3106D-9DC2-4809-A609-C8ABE3CBFDD1}.Release|Any CPU.ActiveCfg = Release|Any CPU
		{01A3106D-9DC2-4809-A609-C8ABE3CBFDD1}.Release|Any CPU.Build.0 = Release|Any CPU
		{F9E09FE6-0D68-49D4-8C66-1FC9B8D981F0}.Debug|Any CPU.ActiveCfg = Debug|Any CPU
		{F9E09FE6-0D68-49D4-8C66-1FC9B8D981F0}.Debug|Any CPU.Build.0 = Debug|Any CPU
		{F9E09FE6-0D68-49D4-8C66-1FC9B8D981F0}.Release|Any CPU.ActiveCfg = Release|Any CPU
		{F9E09FE6-0D68-49D4-8C66-1FC9B8D981F0}.Release|Any CPU.Build.0 = Release|Any CPU
	EndGlobalSection
	GlobalSection(SolutionProperties) = preSolution
		HideSolutionNode = FALSE
	EndGlobalSection
	GlobalSection(NestedProjects) = preSolution
		{17DF906B-A0A0-45F8-969F-602EE28F2CF3} = {5AD74AC6-65F0-4C99-AADB-F25D5D507CAE}
	EndGlobalSection
	GlobalSection(ExtensibilityGlobals) = postSolution
		        SolutionGuid = {3943967B-7C5E-4DEC-ACC6-01AEEFB66889}
		SolutionGuid = {6A6CDF6B-8A78-41BB-BE4A-663FCC587F3E}
	EndGlobalSection
EndGlobal
